
Microsoft Visual Studio Solution File, Format Version 12.00
# Visual Studio Version 16
VisualStudioVersion = 16.0.30523.141
MinimumVisualStudioVersion = 10.0.40219.1
Project("{8BC9CEB8-8B4A-11D0-8D11-00A0C91BC942}") = "Exercise01", "BasicLevelExercises.vcxproj", "{1E146797-CD79-4795-8886-9D5BA516A409}"
EndProject
Project("{8BC9CEB8-8B4A-11D0-8D11-00A0C91BC942}") = "Exercise02", "..\Exercise02\Exercise02.vcxproj", "{5919DEDA-CDE0-4BF0-8806-325CAFF9CE2D}"
EndProject
Project("{8BC9CEB8-8B4A-11D0-8D11-00A0C91BC942}") = "Exercise03", "..\Exercise03\Exercise03.vcxproj", "{6F7CD987-F3EF-476D-9732-9B6DFC012A6F}"
EndProject
Project("{8BC9CEB8-8B4A-11D0-8D11-00A0C91BC942}") = "Exercise04", "..\Exercise04\Exercise04.vcxproj", "{389BA3E4-FE0F-4316-9395-3896B097E179}"
EndProject
Project("{8BC9CEB8-8B4A-11D0-8D11-00A0C91BC942}") = "Exercise05", "..\Exersice05\Exersice05.vcxproj", "{25367AF2-686B-4834-9670-B1C244C63755}"
EndProject
Project("{8BC9CEB8-8B4A-11D0-8D11-00A0C91BC942}") = "Exercise06", "D:\C\Exercise06\Exercise06.vcxproj", "{DBDAA1EB-83C4-495A-8D91-2C59CC1AAFD3}"
EndProject
Project("{8BC9CEB8-8B4A-11D0-8D11-00A0C91BC942}") = "Exercise07", "..\Exercise07\Exercise07.vcxproj", "{E15982F4-1D3E-430D-AD22-93CDF83FC490}"
EndProject
Project("{8BC9CEB8-8B4A-11D0-8D11-00A0C91BC942}") = "Exercise08", "..\Exercise08\Exercise08.vcxproj", "{DB442E08-A415-4D02-8406-20095FC1DFDA}"
EndProject
Project("{8BC9CEB8-8B4A-11D0-8D11-00A0C91BC942}") = "Exercise09", "D:\C\Exercise\Exercise.vcxproj", "{0404A3F7-B27B-439A-85DF-8AD52022C31B}"
EndProject
Project("{8BC9CEB8-8B4A-11D0-8D11-00A0C91BC942}") = "Exercise10", "D:\C\Exercise10\Exercise10.vcxproj", "{514D30AC-D233-4E99-A0A0-415C45AA12CC}"
EndProject
Project("{8BC9CEB8-8B4A-11D0-8D11-00A0C91BC942}") = "Exercise11", "D:\C\Exercise11\Exercise11.vcxproj", "{99F1E1EF-0E52-4A91-ACAF-A05A2F0D44E7}"
EndProject
Project("{8BC9CEB8-8B4A-11D0-8D11-00A0C91BC942}") = "Exercise12", "D:\C\Exercise12\Exercise12.vcxproj", "{DE54911B-E01E-4963-A840-5F55A400CDFD}"
EndProject
Project("{8BC9CEB8-8B4A-11D0-8D11-00A0C91BC942}") = "Exercise13", "D:\C\Exercise13\Exercise13.vcxproj", "{C2489E18-8648-48C5-8A06-64742905D7ED}"
EndProject
Project("{8BC9CEB8-8B4A-11D0-8D11-00A0C91BC942}") = "Exercise14", "D:\C\Exercise14\Exercise14.vcxproj", "{E690A730-87CC-4D1B-A169-AEDC1E105297}"
EndProject
Project("{8BC9CEB8-8B4A-11D0-8D11-00A0C91BC942}") = "Exercise15", "..\Exercise15\Exercise15.vcxproj", "{28B8BCC9-4DB3-4A12-A92D-6D679FD15429}"
EndProject
Project("{8BC9CEB8-8B4A-11D0-8D11-00A0C91BC942}") = "Exercise16", "..\Exercise16\Exercise16.vcxproj", "{07966D5E-A21C-4FCE-965C-5C7BF406DBDB}"
EndProject
Global
	GlobalSection(SolutionConfigurationPlatforms) = preSolution
		Debug|x64 = Debug|x64
		Debug|x86 = Debug|x86
		Release|x64 = Release|x64
		Release|x86 = Release|x86
	EndGlobalSection
	GlobalSection(ProjectConfigurationPlatforms) = postSolution
		{1E146797-CD79-4795-8886-9D5BA516A409}.Debug|x64.ActiveCfg = Debug|x64
		{1E146797-CD79-4795-8886-9D5BA516A409}.Debug|x64.Build.0 = Debug|x64
		{1E146797-CD79-4795-8886-9D5BA516A409}.Debug|x86.ActiveCfg = Debug|Win32
		{1E146797-CD79-4795-8886-9D5BA516A409}.Debug|x86.Build.0 = Debug|Win32
		{1E146797-CD79-4795-8886-9D5BA516A409}.Release|x64.ActiveCfg = Release|x64
		{1E146797-CD79-4795-8886-9D5BA516A409}.Release|x64.Build.0 = Release|x64
		{1E146797-CD79-4795-8886-9D5BA516A409}.Release|x86.ActiveCfg = Release|Win32
		{1E146797-CD79-4795-8886-9D5BA516A409}.Release|x86.Build.0 = Release|Win32
		{5919DEDA-CDE0-4BF0-8806-325CAFF9CE2D}.Debug|x64.ActiveCfg = Debug|x64
		{5919DEDA-CDE0-4BF0-8806-325CAFF9CE2D}.Debug|x64.Build.0 = Debug|x64
		{5919DEDA-CDE0-4BF0-8806-325CAFF9CE2D}.Debug|x86.ActiveCfg = Debug|Win32
		{5919DEDA-CDE0-4BF0-8806-325CAFF9CE2D}.Debug|x86.Build.0 = Debug|Win32
		{5919DEDA-CDE0-4BF0-8806-325CAFF9CE2D}.Release|x64.ActiveCfg = Release|x64
		{5919DEDA-CDE0-4BF0-8806-325CAFF9CE2D}.Release|x64.Build.0 = Release|x64
		{5919DEDA-CDE0-4BF0-8806-325CAFF9CE2D}.Release|x86.ActiveCfg = Release|Win32
		{5919DEDA-CDE0-4BF0-8806-325CAFF9CE2D}.Release|x86.Build.0 = Release|Win32
		{6F7CD987-F3EF-476D-9732-9B6DFC012A6F}.Debug|x64.ActiveCfg = Debug|x64
		{6F7CD987-F3EF-476D-9732-9B6DFC012A6F}.Debug|x64.Build.0 = Debug|x64
		{6F7CD987-F3EF-476D-9732-9B6DFC012A6F}.Debug|x86.ActiveCfg = Debug|Win32
		{6F7CD987-F3EF-476D-9732-9B6DFC012A6F}.Debug|x86.Build.0 = Debug|Win32
		{6F7CD987-F3EF-476D-9732-9B6DFC012A6F}.Release|x64.ActiveCfg = Release|x64
		{6F7CD987-F3EF-476D-9732-9B6DFC012A6F}.Release|x64.Build.0 = Release|x64
		{6F7CD987-F3EF-476D-9732-9B6DFC012A6F}.Release|x86.ActiveCfg = Release|Win32
		{6F7CD987-F3EF-476D-9732-9B6DFC012A6F}.Release|x86.Build.0 = Release|Win32
		{389BA3E4-FE0F-4316-9395-3896B097E179}.Debug|x64.ActiveCfg = Debug|x64
		{389BA3E4-FE0F-4316-9395-3896B097E179}.Debug|x64.Build.0 = Debug|x64
		{389BA3E4-FE0F-4316-9395-3896B097E179}.Debug|x86.ActiveCfg = Debug|Win32
		{389BA3E4-FE0F-4316-9395-3896B097E179}.Debug|x86.Build.0 = Debug|Win32
		{389BA3E4-FE0F-4316-9395-3896B097E179}.Release|x64.ActiveCfg = Release|x64
		{389BA3E4-FE0F-4316-9395-3896B097E179}.Release|x64.Build.0 = Release|x64
		{389BA3E4-FE0F-4316-9395-3896B097E179}.Release|x86.ActiveCfg = Release|Win32
		{389BA3E4-FE0F-4316-9395-3896B097E179}.Release|x86.Build.0 = Release|Win32
		{25367AF2-686B-4834-9670-B1C244C63755}.Debug|x64.ActiveCfg = Debug|x64
		{25367AF2-686B-4834-9670-B1C244C63755}.Debug|x64.Build.0 = Debug|x64
		{25367AF2-686B-4834-9670-B1C244C63755}.Debug|x86.ActiveCfg = Debug|Win32
		{25367AF2-686B-4834-9670-B1C244C63755}.Debug|x86.Build.0 = Debug|Win32
		{25367AF2-686B-4834-9670-B1C244C63755}.Release|x64.ActiveCfg = Release|x64
		{25367AF2-686B-4834-9670-B1C244C63755}.Release|x64.Build.0 = Release|x64
		{25367AF2-686B-4834-9670-B1C244C63755}.Release|x86.ActiveCfg = Release|Win32
		{25367AF2-686B-4834-9670-B1C244C63755}.Release|x86.Build.0 = Release|Win32
		{DBDAA1EB-83C4-495A-8D91-2C59CC1AAFD3}.Debug|x64.ActiveCfg = Debug|x64
		{DBDAA1EB-83C4-495A-8D91-2C59CC1AAFD3}.Debug|x64.Build.0 = Debug|x64
		{DBDAA1EB-83C4-495A-8D91-2C59CC1AAFD3}.Debug|x86.ActiveCfg = Debug|Win32
		{DBDAA1EB-83C4-495A-8D91-2C59CC1AAFD3}.Debug|x86.Build.0 = Debug|Win32
		{DBDAA1EB-83C4-495A-8D91-2C59CC1AAFD3}.Release|x64.ActiveCfg = Release|x64
		{DBDAA1EB-83C4-495A-8D91-2C59CC1AAFD3}.Release|x64.Build.0 = Release|x64
		{DBDAA1EB-83C4-495A-8D91-2C59CC1AAFD3}.Release|x86.ActiveCfg = Release|Win32
		{DBDAA1EB-83C4-495A-8D91-2C59CC1AAFD3}.Release|x86.Build.0 = Release|Win32
		{E15982F4-1D3E-430D-AD22-93CDF83FC490}.Debug|x64.ActiveCfg = Debug|x64
		{E15982F4-1D3E-430D-AD22-93CDF83FC490}.Debug|x64.Build.0 = Debug|x64
		{E15982F4-1D3E-430D-AD22-93CDF83FC490}.Debug|x86.ActiveCfg = Debug|Win32
		{E15982F4-1D3E-430D-AD22-93CDF83FC490}.Debug|x86.Build.0 = Debug|Win32
		{E15982F4-1D3E-430D-AD22-93CDF83FC490}.Release|x64.ActiveCfg = Release|x64
		{E15982F4-1D3E-430D-AD22-93CDF83FC490}.Release|x64.Build.0 = Release|x64
		{E15982F4-1D3E-430D-AD22-93CDF83FC490}.Release|x86.ActiveCfg = Release|Win32
		{E15982F4-1D3E-430D-AD22-93CDF83FC490}.Release|x86.Build.0 = Release|Win32
		{DB442E08-A415-4D02-8406-20095FC1DFDA}.Debug|x64.ActiveCfg = Debug|x64
		{DB442E08-A415-4D02-8406-20095FC1DFDA}.Debug|x64.Build.0 = Debug|x64
		{DB442E08-A415-4D02-8406-20095FC1DFDA}.Debug|x86.ActiveCfg = Debug|Win32
		{DB442E08-A415-4D02-8406-20095FC1DFDA}.Debug|x86.Build.0 = Debug|Win32
		{DB442E08-A415-4D02-8406-20095FC1DFDA}.Release|x64.ActiveCfg = Release|x64
		{DB442E08-A415-4D02-8406-20095FC1DFDA}.Release|x64.Build.0 = Release|x64
		{DB442E08-A415-4D02-8406-20095FC1DFDA}.Release|x86.ActiveCfg = Release|Win32
		{DB442E08-A415-4D02-8406-20095FC1DFDA}.Release|x86.Build.0 = Release|Win32
		{0404A3F7-B27B-439A-85DF-8AD52022C31B}.Debug|x64.ActiveCfg = Debug|x64
		{0404A3F7-B27B-439A-85DF-8AD52022C31B}.Debug|x64.Build.0 = Debug|x64
		{0404A3F7-B27B-439A-85DF-8AD52022C31B}.Debug|x86.ActiveCfg = Debug|Win32
		{0404A3F7-B27B-439A-85DF-8AD52022C31B}.Debug|x86.Build.0 = Debug|Win32
		{0404A3F7-B27B-439A-85DF-8AD52022C31B}.Release|x64.ActiveCfg = Release|x64
		{0404A3F7-B27B-439A-85DF-8AD52022C31B}.Release|x64.Build.0 = Release|x64
		{0404A3F7-B27B-439A-85DF-8AD52022C31B}.Release|x86.ActiveCfg = Release|Win32
		{0404A3F7-B27B-439A-85DF-8AD52022C31B}.Release|x86.Build.0 = Release|Win32
		{514D30AC-D233-4E99-A0A0-415C45AA12CC}.Debug|x64.ActiveCfg = Debug|x64
		{514D30AC-D233-4E99-A0A0-415C45AA12CC}.Debug|x64.Build.0 = Debug|x64
		{514D30AC-D233-4E99-A0A0-415C45AA12CC}.Debug|x86.ActiveCfg = Debug|Win32
		{514D30AC-D233-4E99-A0A0-415C45AA12CC}.Debug|x86.Build.0 = Debug|Win32
		{514D30AC-D233-4E99-A0A0-415C45AA12CC}.Release|x64.ActiveCfg = Release|x64
		{514D30AC-D233-4E99-A0A0-415C45AA12CC}.Release|x64.Build.0 = Release|x64
		{514D30AC-D233-4E99-A0A0-415C45AA12CC}.Release|x86.ActiveCfg = Release|Win32
		{514D30AC-D233-4E99-A0A0-415C45AA12CC}.Release|x86.Build.0 = Release|Win32
		{99F1E1EF-0E52-4A91-ACAF-A05A2F0D44E7}.Debug|x64.ActiveCfg = Debug|x64
		{99F1E1EF-0E52-4A91-ACAF-A05A2F0D44E7}.Debug|x64.Build.0 = Debug|x64
		{99F1E1EF-0E52-4A91-ACAF-A05A2F0D44E7}.Debug|x86.ActiveCfg = Debug|Win32
		{99F1E1EF-0E52-4A91-ACAF-A05A2F0D44E7}.Debug|x86.Build.0 = Debug|Win32
		{99F1E1EF-0E52-4A91-ACAF-A05A2F0D44E7}.Release|x64.ActiveCfg = Release|x64
		{99F1E1EF-0E52-4A91-ACAF-A05A2F0D44E7}.Release|x64.Build.0 = Release|x64
		{99F1E1EF-0E52-4A91-ACAF-A05A2F0D44E7}.Release|x86.ActiveCfg = Release|Win32
		{99F1E1EF-0E52-4A91-ACAF-A05A2F0D44E7}.Release|x86.Build.0 = Release|Win32
		{DE54911B-E01E-4963-A840-5F55A400CDFD}.Debug|x64.ActiveCfg = Debug|x64
		{DE54911B-E01E-4963-A840-5F55A400CDFD}.Debug|x64.Build.0 = Debug|x64
		{DE54911B-E01E-4963-A840-5F55A400CDFD}.Debug|x86.ActiveCfg = Debug|Win32
		{DE54911B-E01E-4963-A840-5F55A400CDFD}.Debug|x86.Build.0 = Debug|Win32
		{DE54911B-E01E-4963-A840-5F55A400CDFD}.Release|x64.ActiveCfg = Release|x64
		{DE54911B-E01E-4963-A840-5F55A400CDFD}.Release|x64.Build.0 = Release|x64
		{DE54911B-E01E-4963-A840-5F55A400CDFD}.Release|x86.ActiveCfg = Release|Win32
		{DE54911B-E01E-4963-A840-5F55A400CDFD}.Release|x86.Build.0 = Release|Win32
		{C2489E18-8648-48C5-8A06-64742905D7ED}.Debug|x64.ActiveCfg = Debug|x64
		{C2489E18-8648-48C5-8A06-64742905D7ED}.Debug|x64.Build.0 = Debug|x64
		{C2489E18-8648-48C5-8A06-64742905D7ED}.Debug|x86.ActiveCfg = Debug|Win32
		{C2489E18-8648-48C5-8A06-64742905D7ED}.Debug|x86.Build.0 = Debug|Win32
		{C2489E18-8648-48C5-8A06-64742905D7ED}.Release|x64.ActiveCfg = Release|x64
		{C2489E18-8648-48C5-8A06-64742905D7ED}.Release|x64.Build.0 = Release|x64
		{C2489E18-8648-48C5-8A06-64742905D7ED}.Release|x86.ActiveCfg = Release|Win32
		{C2489E18-8648-48C5-8A06-64742905D7ED}.Release|x86.Build.0 = Release|Win32
		{E690A730-87CC-4D1B-A169-AEDC1E105297}.Debug|x64.ActiveCfg = Debug|x64
		{E690A730-87CC-4D1B-A169-AEDC1E105297}.Debug|x64.Build.0 = Debug|x64
		{E690A730-87CC-4D1B-A169-AEDC1E105297}.Debug|x86.ActiveCfg = Debug|Win32
		{E690A730-87CC-4D1B-A169-AEDC1E105297}.Debug|x86.Build.0 = Debug|Win32
		{E690A730-87CC-4D1B-A169-AEDC1E105297}.Release|x64.ActiveCfg = Release|x64
		{E690A730-87CC-4D1B-A169-AEDC1E105297}.Release|x64.Build.0 = Release|x64
		{E690A730-87CC-4D1B-A169-AEDC1E105297}.Release|x86.ActiveCfg = Release|Win32
		{E690A730-87CC-4D1B-A169-AEDC1E105297}.Release|x86.Build.0 = Release|Win32
		{28B8BCC9-4DB3-4A12-A92D-6D679FD15429}.Debug|x64.ActiveCfg = Debug|x64
		{28B8BCC9-4DB3-4A12-A92D-6D679FD15429}.Debug|x64.Build.0 = Debug|x64
		{28B8BCC9-4DB3-4A12-A92D-6D679FD15429}.Debug|x86.ActiveCfg = Debug|Win32
		{28B8BCC9-4DB3-4A12-A92D-6D679FD15429}.Debug|x86.Build.0 = Debug|Win32
		{28B8BCC9-4DB3-4A12-A92D-6D679FD15429}.Release|x64.ActiveCfg = Release|x64
		{28B8BCC9-4DB3-4A12-A92D-6D679FD15429}.Release|x64.Build.0 = Release|x64
		{28B8BCC9-4DB3-4A12-A92D-6D679FD15429}.Release|x86.ActiveCfg = Release|Win32
		{28B8BCC9-4DB3-4A12-A92D-6D679FD15429}.Release|x86.Build.0 = Release|Win32
		{07966D5E-A21C-4FCE-965C-5C7BF406DBDB}.Debug|x64.ActiveCfg = Debug|x64
		{07966D5E-A21C-4FCE-965C-5C7BF406DBDB}.Debug|x64.Build.0 = Debug|x64
		{07966D5E-A21C-4FCE-965C-5C7BF406DBDB}.Debug|x86.ActiveCfg = Debug|Win32
		{07966D5E-A21C-4FCE-965C-5C7BF406DBDB}.Debug|x86.Build.0 = Debug|Win32
		{07966D5E-A21C-4FCE-965C-5C7BF406DBDB}.Release|x64.ActiveCfg = Release|x64
		{07966D5E-A21C-4FCE-965C-5C7BF406DBDB}.Release|x64.Build.0 = Release|x64
		{07966D5E-A21C-4FCE-965C-5C7BF406DBDB}.Release|x86.ActiveCfg = Release|Win32
		{07966D5E-A21C-4FCE-965C-5C7BF406DBDB}.Release|x86.Build.0 = Release|Win32
	EndGlobalSection
	GlobalSection(SolutionProperties) = preSolution
		HideSolutionNode = FALSE
	EndGlobalSection
	GlobalSection(ExtensibilityGlobals) = postSolution
		SolutionGuid = {38E16155-B81A-4211-B968-2D56D79658AA}
	EndGlobalSection
EndGlobal
