
Microsoft Visual Studio Solution File, Format Version 12.00
# Visual Studio Version 16
VisualStudioVersion = 16.0.30523.141
MinimumVisualStudioVersion = 10.0.40219.1
Project("{8BC9CEB8-8B4A-11D0-8D11-00A0C91BC942}") = "Exercise01", "MediumLevelExercises.vcxproj", "{D4665F91-5682-4D45-BEEF-4F2A230253AF}"
EndProject
Project("{8BC9CEB8-8B4A-11D0-8D11-00A0C91BC942}") = "Exercise02", "..\Exercise02\Exercise02.vcxproj", "{266C749E-F911-4881-85E2-B937BA3B860B}"
EndProject
Project("{8BC9CEB8-8B4A-11D0-8D11-00A0C91BC942}") = "Exercise03", "..\Exercise03\Exercise03.vcxproj", "{B9CEA284-2042-4A6F-B7BE-2E161A9D763E}"
EndProject
Project("{8BC9CEB8-8B4A-11D0-8D11-00A0C91BC942}") = "Exercise04", "..\Exercise04\Exercise04.vcxproj", "{0A7FC531-2C70-4026-8310-2E4038D8496C}"
EndProject
Project("{8BC9CEB8-8B4A-11D0-8D11-00A0C91BC942}") = "Exercise05", "..\Exercise05\Exercise05.vcxproj", "{60E0A8A3-B724-4E4E-8E5A-1D8D0E947EE1}"
EndProject
Project("{8BC9CEB8-8B4A-11D0-8D11-00A0C91BC942}") = "Exercise06", "..\Exercise06\Exercise06.vcxproj", "{8B93A660-ED7E-4960-B635-897628CA7922}"
EndProject
Project("{8BC9CEB8-8B4A-11D0-8D11-00A0C91BC942}") = "Exercise07", "..\Exercise07\Exercise07.vcxproj", "{2BCA96C6-3E81-43BA-A0A3-C33D0430C2BB}"
EndProject
Project("{8BC9CEB8-8B4A-11D0-8D11-00A0C91BC942}") = "Exercise08", "..\Exercise08\Exercise08.vcxproj", "{A2D89C18-25DC-4D59-ABF8-5EAE3FAC297F}"
EndProject
Project("{8BC9CEB8-8B4A-11D0-8D11-00A0C91BC942}") = "Exercise09", "..\Exercise09\Exercise09.vcxproj", "{0F59EF64-0CB2-46EA-BE72-1CB4CB32246D}"
EndProject
Project("{8BC9CEB8-8B4A-11D0-8D11-00A0C91BC942}") = "Exercise10", "..\Exercise10\Exercise10.vcxproj", "{98DE7FA5-C556-4B33-860B-C1735B4F1FB1}"
EndProject
Project("{8BC9CEB8-8B4A-11D0-8D11-00A0C91BC942}") = "Exercise11", "..\Exercise11\Exercise11.vcxproj", "{296AD775-EE4D-4591-92EE-66170C89E403}"
EndProject
Project("{8BC9CEB8-8B4A-11D0-8D11-00A0C91BC942}") = "Exercise12", "..\Exercise12\Exercise12.vcxproj", "{A48DE78A-DC52-4559-8BFD-D65FD8CFF74C}"
EndProject
Global
	GlobalSection(SolutionConfigurationPlatforms) = preSolution
		Debug|x64 = Debug|x64
		Debug|x86 = Debug|x86
		Release|x64 = Release|x64
		Release|x86 = Release|x86
	EndGlobalSection
	GlobalSection(ProjectConfigurationPlatforms) = postSolution
		{D4665F91-5682-4D45-BEEF-4F2A230253AF}.Debug|x64.ActiveCfg = Debug|x64
		{D4665F91-5682-4D45-BEEF-4F2A230253AF}.Debug|x64.Build.0 = Debug|x64
		{D4665F91-5682-4D45-BEEF-4F2A230253AF}.Debug|x86.ActiveCfg = Debug|Win32
		{D4665F91-5682-4D45-BEEF-4F2A230253AF}.Debug|x86.Build.0 = Debug|Win32
		{D4665F91-5682-4D45-BEEF-4F2A230253AF}.Release|x64.ActiveCfg = Release|x64
		{D4665F91-5682-4D45-BEEF-4F2A230253AF}.Release|x64.Build.0 = Release|x64
		{D4665F91-5682-4D45-BEEF-4F2A230253AF}.Release|x86.ActiveCfg = Release|Win32
		{D4665F91-5682-4D45-BEEF-4F2A230253AF}.Release|x86.Build.0 = Release|Win32
		{266C749E-F911-4881-85E2-B937BA3B860B}.Debug|x64.ActiveCfg = Debug|x64
		{266C749E-F911-4881-85E2-B937BA3B860B}.Debug|x64.Build.0 = Debug|x64
		{266C749E-F911-4881-85E2-B937BA3B860B}.Debug|x86.ActiveCfg = Debug|Win32
		{266C749E-F911-4881-85E2-B937BA3B860B}.Debug|x86.Build.0 = Debug|Win32
		{266C749E-F911-4881-85E2-B937BA3B860B}.Release|x64.ActiveCfg = Release|x64
		{266C749E-F911-4881-85E2-B937BA3B860B}.Release|x64.Build.0 = Release|x64
		{266C749E-F911-4881-85E2-B937BA3B860B}.Release|x86.ActiveCfg = Release|Win32
		{266C749E-F911-4881-85E2-B937BA3B860B}.Release|x86.Build.0 = Release|Win32
		{B9CEA284-2042-4A6F-B7BE-2E161A9D763E}.Debug|x64.ActiveCfg = Debug|x64
		{B9CEA284-2042-4A6F-B7BE-2E161A9D763E}.Debug|x64.Build.0 = Debug|x64
		{B9CEA284-2042-4A6F-B7BE-2E161A9D763E}.Debug|x86.ActiveCfg = Debug|Win32
		{B9CEA284-2042-4A6F-B7BE-2E161A9D763E}.Debug|x86.Build.0 = Debug|Win32
		{B9CEA284-2042-4A6F-B7BE-2E161A9D763E}.Release|x64.ActiveCfg = Release|x64
		{B9CEA284-2042-4A6F-B7BE-2E161A9D763E}.Release|x64.Build.0 = Release|x64
		{B9CEA284-2042-4A6F-B7BE-2E161A9D763E}.Release|x86.ActiveCfg = Release|Win32
		{B9CEA284-2042-4A6F-B7BE-2E161A9D763E}.Release|x86.Build.0 = Release|Win32
		{0A7FC531-2C70-4026-8310-2E4038D8496C}.Debug|x64.ActiveCfg = Debug|x64
		{0A7FC531-2C70-4026-8310-2E4038D8496C}.Debug|x64.Build.0 = Debug|x64
		{0A7FC531-2C70-4026-8310-2E4038D8496C}.Debug|x86.ActiveCfg = Debug|Win32
		{0A7FC531-2C70-4026-8310-2E4038D8496C}.Debug|x86.Build.0 = Debug|Win32
		{0A7FC531-2C70-4026-8310-2E4038D8496C}.Release|x64.ActiveCfg = Release|x64
		{0A7FC531-2C70-4026-8310-2E4038D8496C}.Release|x64.Build.0 = Release|x64
		{0A7FC531-2C70-4026-8310-2E4038D8496C}.Release|x86.ActiveCfg = Release|Win32
		{0A7FC531-2C70-4026-8310-2E4038D8496C}.Release|x86.Build.0 = Release|Win32
		{60E0A8A3-B724-4E4E-8E5A-1D8D0E947EE1}.Debug|x64.ActiveCfg = Debug|x64
		{60E0A8A3-B724-4E4E-8E5A-1D8D0E947EE1}.Debug|x64.Build.0 = Debug|x64
		{60E0A8A3-B724-4E4E-8E5A-1D8D0E947EE1}.Debug|x86.ActiveCfg = Debug|Win32
		{60E0A8A3-B724-4E4E-8E5A-1D8D0E947EE1}.Debug|x86.Build.0 = Debug|Win32
		{60E0A8A3-B724-4E4E-8E5A-1D8D0E947EE1}.Release|x64.ActiveCfg = Release|x64
		{60E0A8A3-B724-4E4E-8E5A-1D8D0E947EE1}.Release|x64.Build.0 = Release|x64
		{60E0A8A3-B724-4E4E-8E5A-1D8D0E947EE1}.Release|x86.ActiveCfg = Release|Win32
		{60E0A8A3-B724-4E4E-8E5A-1D8D0E947EE1}.Release|x86.Build.0 = Release|Win32
		{8B93A660-ED7E-4960-B635-897628CA7922}.Debug|x64.ActiveCfg = Debug|x64
		{8B93A660-ED7E-4960-B635-897628CA7922}.Debug|x64.Build.0 = Debug|x64
		{8B93A660-ED7E-4960-B635-897628CA7922}.Debug|x86.ActiveCfg = Debug|Win32
		{8B93A660-ED7E-4960-B635-897628CA7922}.Debug|x86.Build.0 = Debug|Win32
		{8B93A660-ED7E-4960-B635-897628CA7922}.Release|x64.ActiveCfg = Release|x64
		{8B93A660-ED7E-4960-B635-897628CA7922}.Release|x64.Build.0 = Release|x64
		{8B93A660-ED7E-4960-B635-897628CA7922}.Release|x86.ActiveCfg = Release|Win32
		{8B93A660-ED7E-4960-B635-897628CA7922}.Release|x86.Build.0 = Release|Win32
		{2BCA96C6-3E81-43BA-A0A3-C33D0430C2BB}.Debug|x64.ActiveCfg = Debug|x64
		{2BCA96C6-3E81-43BA-A0A3-C33D0430C2BB}.Debug|x64.Build.0 = Debug|x64
		{2BCA96C6-3E81-43BA-A0A3-C33D0430C2BB}.Debug|x86.ActiveCfg = Debug|Win32
		{2BCA96C6-3E81-43BA-A0A3-C33D0430C2BB}.Debug|x86.Build.0 = Debug|Win32
		{2BCA96C6-3E81-43BA-A0A3-C33D0430C2BB}.Release|x64.ActiveCfg = Release|x64
		{2BCA96C6-3E81-43BA-A0A3-C33D0430C2BB}.Release|x64.Build.0 = Release|x64
		{2BCA96C6-3E81-43BA-A0A3-C33D0430C2BB}.Release|x86.ActiveCfg = Release|Win32
		{2BCA96C6-3E81-43BA-A0A3-C33D0430C2BB}.Release|x86.Build.0 = Release|Win32
		{A2D89C18-25DC-4D59-ABF8-5EAE3FAC297F}.Debug|x64.ActiveCfg = Debug|x64
		{A2D89C18-25DC-4D59-ABF8-5EAE3FAC297F}.Debug|x64.Build.0 = Debug|x64
		{A2D89C18-25DC-4D59-ABF8-5EAE3FAC297F}.Debug|x86.ActiveCfg = Debug|Win32
		{A2D89C18-25DC-4D59-ABF8-5EAE3FAC297F}.Debug|x86.Build.0 = Debug|Win32
		{A2D89C18-25DC-4D59-ABF8-5EAE3FAC297F}.Release|x64.ActiveCfg = Release|x64
		{A2D89C18-25DC-4D59-ABF8-5EAE3FAC297F}.Release|x64.Build.0 = Release|x64
		{A2D89C18-25DC-4D59-ABF8-5EAE3FAC297F}.Release|x86.ActiveCfg = Release|Win32
		{A2D89C18-25DC-4D59-ABF8-5EAE3FAC297F}.Release|x86.Build.0 = Release|Win32
		{0F59EF64-0CB2-46EA-BE72-1CB4CB32246D}.Debug|x64.ActiveCfg = Debug|x64
		{0F59EF64-0CB2-46EA-BE72-1CB4CB32246D}.Debug|x64.Build.0 = Debug|x64
		{0F59EF64-0CB2-46EA-BE72-1CB4CB32246D}.Debug|x86.ActiveCfg = Debug|Win32
		{0F59EF64-0CB2-46EA-BE72-1CB4CB32246D}.Debug|x86.Build.0 = Debug|Win32
		{0F59EF64-0CB2-46EA-BE72-1CB4CB32246D}.Release|x64.ActiveCfg = Release|x64
		{0F59EF64-0CB2-46EA-BE72-1CB4CB32246D}.Release|x64.Build.0 = Release|x64
		{0F59EF64-0CB2-46EA-BE72-1CB4CB32246D}.Release|x86.ActiveCfg = Release|Win32
		{0F59EF64-0CB2-46EA-BE72-1CB4CB32246D}.Release|x86.Build.0 = Release|Win32
		{98DE7FA5-C556-4B33-860B-C1735B4F1FB1}.Debug|x64.ActiveCfg = Debug|x64
		{98DE7FA5-C556-4B33-860B-C1735B4F1FB1}.Debug|x64.Build.0 = Debug|x64
		{98DE7FA5-C556-4B33-860B-C1735B4F1FB1}.Debug|x86.ActiveCfg = Debug|Win32
		{98DE7FA5-C556-4B33-860B-C1735B4F1FB1}.Debug|x86.Build.0 = Debug|Win32
		{98DE7FA5-C556-4B33-860B-C1735B4F1FB1}.Release|x64.ActiveCfg = Release|x64
		{98DE7FA5-C556-4B33-860B-C1735B4F1FB1}.Release|x64.Build.0 = Release|x64
		{98DE7FA5-C556-4B33-860B-C1735B4F1FB1}.Release|x86.ActiveCfg = Release|Win32
		{98DE7FA5-C556-4B33-860B-C1735B4F1FB1}.Release|x86.Build.0 = Release|Win32
		{296AD775-EE4D-4591-92EE-66170C89E403}.Debug|x64.ActiveCfg = Debug|x64
		{296AD775-EE4D-4591-92EE-66170C89E403}.Debug|x64.Build.0 = Debug|x64
		{296AD775-EE4D-4591-92EE-66170C89E403}.Debug|x86.ActiveCfg = Debug|Win32
		{296AD775-EE4D-4591-92EE-66170C89E403}.Debug|x86.Build.0 = Debug|Win32
		{296AD775-EE4D-4591-92EE-66170C89E403}.Release|x64.ActiveCfg = Release|x64
		{296AD775-EE4D-4591-92EE-66170C89E403}.Release|x64.Build.0 = Release|x64
		{296AD775-EE4D-4591-92EE-66170C89E403}.Release|x86.ActiveCfg = Release|Win32
		{296AD775-EE4D-4591-92EE-66170C89E403}.Release|x86.Build.0 = Release|Win32
		{A48DE78A-DC52-4559-8BFD-D65FD8CFF74C}.Debug|x64.ActiveCfg = Debug|x64
		{A48DE78A-DC52-4559-8BFD-D65FD8CFF74C}.Debug|x64.Build.0 = Debug|x64
		{A48DE78A-DC52-4559-8BFD-D65FD8CFF74C}.Debug|x86.ActiveCfg = Debug|Win32
		{A48DE78A-DC52-4559-8BFD-D65FD8CFF74C}.Debug|x86.Build.0 = Debug|Win32
		{A48DE78A-DC52-4559-8BFD-D65FD8CFF74C}.Release|x64.ActiveCfg = Release|x64
		{A48DE78A-DC52-4559-8BFD-D65FD8CFF74C}.Release|x64.Build.0 = Release|x64
		{A48DE78A-DC52-4559-8BFD-D65FD8CFF74C}.Release|x86.ActiveCfg = Release|Win32
		{A48DE78A-DC52-4559-8BFD-D65FD8CFF74C}.Release|x86.Build.0 = Release|Win32
	EndGlobalSection
	GlobalSection(SolutionProperties) = preSolution
		HideSolutionNode = FALSE
	EndGlobalSection
	GlobalSection(ExtensibilityGlobals) = postSolution
		SolutionGuid = {BC21565D-A391-4291-877A-E4D1A3CFFC56}
	EndGlobalSection
EndGlobal
